
Microsoft Visual Studio Solution File, Format Version 12.00
# Visual Studio Version 17
VisualStudioVersion = 17.0.31903.59
MinimumVisualStudioVersion = 10.0.40219.1
Project("{2150E333-8FDC-42A3-9474-1A3956D46DE8}") = "esercitazioni", "esercitazioni", "{90B3EDF4-18E8-4CD1-B6C3-21E6AB4AEB0F}"
EndProject
Project("{FAE04EC0-301F-11D3-BF4B-00C04F79EFBC}") = "03_operatori", "esercitazioni\03_operatori\03_operatori.csproj", "{CA0EEA04-5509-4E23-88B4-B86FE7EC9D43}"
EndProject
Project("{FAE04EC0-301F-11D3-BF4B-00C04F79EFBC}") = "01_metodi_console", "esercitazioni\01_metodi_console\01_metodi_console.csproj", "{06E7DCE8-048B-4587-8859-E4A69EA9D95D}"
EndProject
Project("{FAE04EC0-301F-11D3-BF4B-00C04F79EFBC}") = "02_tipi_di_dati", "esercitazioni\02_tipi_di_dati\02_tipi_di_dati.csproj", "{63DCDC8A-BA15-48D6-AB23-6545BC229F6F}"
EndProject
Project("{FAE04EC0-301F-11D3-BF4B-00C04F79EFBC}") = "04_condizioni", "esercitazioni\04_condizioni\04_condizioni.csproj", "{0CA64243-B16C-4DEF-B814-D2295A84FCA3}"
EndProject
Project("{2150E333-8FDC-42A3-9474-1A3956D46DE8}") = "esercitazioni_mackbook", "esercitazioni_mackbook", "{5D997FAF-5A30-4C67-912C-CA9B16D5AD29}"
EndProject
Project("{FAE04EC0-301F-11D3-BF4B-00C04F79EFBC}") = "calcolatrice", "esercitazioni_mackbook\calcolatrice\calcolatrice.csproj", "{55E77AA6-096D-48B9-BD77-259CE0835DA3}"
EndProject
Project("{FAE04EC0-301F-11D3-BF4B-00C04F79EFBC}") = "calcolatrice_v2", "esercitazioni_mackbook\calcolatrice_v2\calcolatrice_v2.csproj", "{7EA43BBD-4E17-4F51-B1CA-A6219C046833}"
EndProject
Project("{FAE04EC0-301F-11D3-BF4B-00C04F79EFBC}") = "calcolatrice_v3", "esercitazioni_mackbook\calcolatrice_v3\calcolatrice_v3.csproj", "{7747B8A6-D467-429D-B3CD-B796D0DC1793}"
EndProject
Project("{FAE04EC0-301F-11D3-BF4B-00C04F79EFBC}") = "05_cicli", "esercitazioni\05_cicli\05_cicli.csproj", "{E47E6803-273B-4F63-8323-B09B4FD3EBA6}"
EndProject
Project("{FAE04EC0-301F-11D3-BF4B-00C04F79EFBC}") = "06_metodi_array", "esercitazioni\06_metodi_array\06_metodi_array.csproj", "{5460E26D-3649-4BE4-B8E4-7F8DFD739A87}"
EndProject
Project("{FAE04EC0-301F-11D3-BF4B-00C04F79EFBC}") = "07_metodi_lista", "esercitazioni\07_metodi_lista\07_metodi_lista.csproj", "{BACF627A-E719-4876-B21D-4E854F206ECC}"
EndProject
Project("{FAE04EC0-301F-11D3-BF4B-00C04F79EFBC}") = "A_Prove", "esercitazioni\A_Prove\A_Prove.csproj", "{B6BAD06F-7453-4DF8-8B31-F79D0950B69E}"
EndProject
Project("{2150E333-8FDC-42A3-9474-1A3956D46DE8}") = "Assignment", "Assignment", "{2E32A539-E6CA-4A43-8142-12F138192BBC}"
EndProject
Project("{FAE04EC0-301F-11D3-BF4B-00C04F79EFBC}") = "01_indovina_numero", "Assignment\01_indovina_numero\01_indovina_numero.csproj", "{9ACBA89A-F330-4A90-9F0F-12A606614C40}"
EndProject
Project("{FAE04EC0-301F-11D3-BF4B-00C04F79EFBC}") = "08_metodi_dizionari", "esercitazioni\08_metodi_dizionari\08_metodi_dizionari.csproj", "{894F1042-3C3A-40F6-BEE7-171C3128929C}"
EndProject
Project("{FAE04EC0-301F-11D3-BF4B-00C04F79EFBC}") = "esercitazione_dizionari", "esercitazioni_mackbook\esercitazione_dizionari\esercitazione_dizionari.csproj", "{C86D93E7-B5FD-4A74-B9EB-8FC13E734887}"
EndProject
Project("{FAE04EC0-301F-11D3-BF4B-00C04F79EFBC}") = "mazzo_di_carte_dict", "esercitazioni_mackbook\mazzo_di_carte_dict\mazzo_di_carte_dict.csproj", "{FD5B0062-DE3F-4669-ABEE-42DF64CDFB63}"
EndProject
Project("{FAE04EC0-301F-11D3-BF4B-00C04F79EFBC}") = "test_console_new_repository", "..\prova_creazione_repository\test_console_new_repository\test_console_new_repository.csproj", "{24F4DAC8-4409-4E32-8727-7437660AA1D9}"
EndProject
Project("{FAE04EC0-301F-11D3-BF4B-00C04F79EFBC}") = "sasso_carta_forbice", "esercitazioni_mackbook\sasso_carta_forbice\sasso_carta_forbice.csproj", "{43DCB061-8F09-49F9-A71E-61C763A26A4F}"
EndProject
Project("{FAE04EC0-301F-11D3-BF4B-00C04F79EFBC}") = "02_sorteggio_partecipanti", "Assignment\02_sorteggio_partecipanti\02_sorteggio_partecipanti.csproj", "{82B18F2D-453C-4EFA-9522-9D6444C65DA7}"
EndProject
Global
	GlobalSection(SolutionConfigurationPlatforms) = preSolution
		Debug|Any CPU = Debug|Any CPU
		Release|Any CPU = Release|Any CPU
	EndGlobalSection
	GlobalSection(SolutionProperties) = preSolution
		HideSolutionNode = FALSE
	EndGlobalSection
	GlobalSection(ProjectConfigurationPlatforms) = postSolution
		{CA0EEA04-5509-4E23-88B4-B86FE7EC9D43}.Debug|Any CPU.ActiveCfg = Debug|Any CPU
		{CA0EEA04-5509-4E23-88B4-B86FE7EC9D43}.Debug|Any CPU.Build.0 = Debug|Any CPU
		{CA0EEA04-5509-4E23-88B4-B86FE7EC9D43}.Release|Any CPU.ActiveCfg = Release|Any CPU
		{CA0EEA04-5509-4E23-88B4-B86FE7EC9D43}.Release|Any CPU.Build.0 = Release|Any CPU
		{06E7DCE8-048B-4587-8859-E4A69EA9D95D}.Debug|Any CPU.ActiveCfg = Debug|Any CPU
		{06E7DCE8-048B-4587-8859-E4A69EA9D95D}.Debug|Any CPU.Build.0 = Debug|Any CPU
		{06E7DCE8-048B-4587-8859-E4A69EA9D95D}.Release|Any CPU.ActiveCfg = Release|Any CPU
		{06E7DCE8-048B-4587-8859-E4A69EA9D95D}.Release|Any CPU.Build.0 = Release|Any CPU
		{63DCDC8A-BA15-48D6-AB23-6545BC229F6F}.Debug|Any CPU.ActiveCfg = Debug|Any CPU
		{63DCDC8A-BA15-48D6-AB23-6545BC229F6F}.Debug|Any CPU.Build.0 = Debug|Any CPU
		{63DCDC8A-BA15-48D6-AB23-6545BC229F6F}.Release|Any CPU.ActiveCfg = Release|Any CPU
		{63DCDC8A-BA15-48D6-AB23-6545BC229F6F}.Release|Any CPU.Build.0 = Release|Any CPU
		{0CA64243-B16C-4DEF-B814-D2295A84FCA3}.Debug|Any CPU.ActiveCfg = Debug|Any CPU
		{0CA64243-B16C-4DEF-B814-D2295A84FCA3}.Debug|Any CPU.Build.0 = Debug|Any CPU
		{0CA64243-B16C-4DEF-B814-D2295A84FCA3}.Release|Any CPU.ActiveCfg = Release|Any CPU
		{0CA64243-B16C-4DEF-B814-D2295A84FCA3}.Release|Any CPU.Build.0 = Release|Any CPU
		{55E77AA6-096D-48B9-BD77-259CE0835DA3}.Debug|Any CPU.ActiveCfg = Debug|Any CPU
		{55E77AA6-096D-48B9-BD77-259CE0835DA3}.Debug|Any CPU.Build.0 = Debug|Any CPU
		{55E77AA6-096D-48B9-BD77-259CE0835DA3}.Release|Any CPU.ActiveCfg = Release|Any CPU
		{55E77AA6-096D-48B9-BD77-259CE0835DA3}.Release|Any CPU.Build.0 = Release|Any CPU
		{7EA43BBD-4E17-4F51-B1CA-A6219C046833}.Debug|Any CPU.ActiveCfg = Debug|Any CPU
		{7EA43BBD-4E17-4F51-B1CA-A6219C046833}.Debug|Any CPU.Build.0 = Debug|Any CPU
		{7EA43BBD-4E17-4F51-B1CA-A6219C046833}.Release|Any CPU.ActiveCfg = Release|Any CPU
		{7EA43BBD-4E17-4F51-B1CA-A6219C046833}.Release|Any CPU.Build.0 = Release|Any CPU
		{7747B8A6-D467-429D-B3CD-B796D0DC1793}.Debug|Any CPU.ActiveCfg = Debug|Any CPU
		{7747B8A6-D467-429D-B3CD-B796D0DC1793}.Debug|Any CPU.Build.0 = Debug|Any CPU
		{7747B8A6-D467-429D-B3CD-B796D0DC1793}.Release|Any CPU.ActiveCfg = Release|Any CPU
		{7747B8A6-D467-429D-B3CD-B796D0DC1793}.Release|Any CPU.Build.0 = Release|Any CPU
		{E47E6803-273B-4F63-8323-B09B4FD3EBA6}.Debug|Any CPU.ActiveCfg = Debug|Any CPU
		{E47E6803-273B-4F63-8323-B09B4FD3EBA6}.Debug|Any CPU.Build.0 = Debug|Any CPU
		{E47E6803-273B-4F63-8323-B09B4FD3EBA6}.Release|Any CPU.ActiveCfg = Release|Any CPU
		{E47E6803-273B-4F63-8323-B09B4FD3EBA6}.Release|Any CPU.Build.0 = Release|Any CPU
		{5460E26D-3649-4BE4-B8E4-7F8DFD739A87}.Debug|Any CPU.ActiveCfg = Debug|Any CPU
		{5460E26D-3649-4BE4-B8E4-7F8DFD739A87}.Debug|Any CPU.Build.0 = Debug|Any CPU
		{5460E26D-3649-4BE4-B8E4-7F8DFD739A87}.Release|Any CPU.ActiveCfg = Release|Any CPU
		{5460E26D-3649-4BE4-B8E4-7F8DFD739A87}.Release|Any CPU.Build.0 = Release|Any CPU
		{BACF627A-E719-4876-B21D-4E854F206ECC}.Debug|Any CPU.ActiveCfg = Debug|Any CPU
		{BACF627A-E719-4876-B21D-4E854F206ECC}.Debug|Any CPU.Build.0 = Debug|Any CPU
		{BACF627A-E719-4876-B21D-4E854F206ECC}.Release|Any CPU.ActiveCfg = Release|Any CPU
		{BACF627A-E719-4876-B21D-4E854F206ECC}.Release|Any CPU.Build.0 = Release|Any CPU
		{B6BAD06F-7453-4DF8-8B31-F79D0950B69E}.Debug|Any CPU.ActiveCfg = Debug|Any CPU
		{B6BAD06F-7453-4DF8-8B31-F79D0950B69E}.Debug|Any CPU.Build.0 = Debug|Any CPU
		{B6BAD06F-7453-4DF8-8B31-F79D0950B69E}.Release|Any CPU.ActiveCfg = Release|Any CPU
		{B6BAD06F-7453-4DF8-8B31-F79D0950B69E}.Release|Any CPU.Build.0 = Release|Any CPU
		{9ACBA89A-F330-4A90-9F0F-12A606614C40}.Debug|Any CPU.ActiveCfg = Debug|Any CPU
		{9ACBA89A-F330-4A90-9F0F-12A606614C40}.Debug|Any CPU.Build.0 = Debug|Any CPU
		{9ACBA89A-F330-4A90-9F0F-12A606614C40}.Release|Any CPU.ActiveCfg = Release|Any CPU
		{9ACBA89A-F330-4A90-9F0F-12A606614C40}.Release|Any CPU.Build.0 = Release|Any CPU
		{894F1042-3C3A-40F6-BEE7-171C3128929C}.Debug|Any CPU.ActiveCfg = Debug|Any CPU
		{894F1042-3C3A-40F6-BEE7-171C3128929C}.Debug|Any CPU.Build.0 = Debug|Any CPU
		{894F1042-3C3A-40F6-BEE7-171C3128929C}.Release|Any CPU.ActiveCfg = Release|Any CPU
		{894F1042-3C3A-40F6-BEE7-171C3128929C}.Release|Any CPU.Build.0 = Release|Any CPU
		{C86D93E7-B5FD-4A74-B9EB-8FC13E734887}.Debug|Any CPU.ActiveCfg = Debug|Any CPU
		{C86D93E7-B5FD-4A74-B9EB-8FC13E734887}.Debug|Any CPU.Build.0 = Debug|Any CPU
		{C86D93E7-B5FD-4A74-B9EB-8FC13E734887}.Release|Any CPU.ActiveCfg = Release|Any CPU
		{C86D93E7-B5FD-4A74-B9EB-8FC13E734887}.Release|Any CPU.Build.0 = Release|Any CPU
		{FD5B0062-DE3F-4669-ABEE-42DF64CDFB63}.Debug|Any CPU.ActiveCfg = Debug|Any CPU
		{FD5B0062-DE3F-4669-ABEE-42DF64CDFB63}.Debug|Any CPU.Build.0 = Debug|Any CPU
		{FD5B0062-DE3F-4669-ABEE-42DF64CDFB63}.Release|Any CPU.ActiveCfg = Release|Any CPU
		{FD5B0062-DE3F-4669-ABEE-42DF64CDFB63}.Release|Any CPU.Build.0 = Release|Any CPU
		{24F4DAC8-4409-4E32-8727-7437660AA1D9}.Debug|Any CPU.ActiveCfg = Debug|Any CPU
		{24F4DAC8-4409-4E32-8727-7437660AA1D9}.Debug|Any CPU.Build.0 = Debug|Any CPU
		{24F4DAC8-4409-4E32-8727-7437660AA1D9}.Release|Any CPU.ActiveCfg = Release|Any CPU
		{24F4DAC8-4409-4E32-8727-7437660AA1D9}.Release|Any CPU.Build.0 = Release|Any CPU
		{43DCB061-8F09-49F9-A71E-61C763A26A4F}.Debug|Any CPU.ActiveCfg = Debug|Any CPU
		{43DCB061-8F09-49F9-A71E-61C763A26A4F}.Debug|Any CPU.Build.0 = Debug|Any CPU
		{43DCB061-8F09-49F9-A71E-61C763A26A4F}.Release|Any CPU.ActiveCfg = Release|Any CPU
		{43DCB061-8F09-49F9-A71E-61C763A26A4F}.Release|Any CPU.Build.0 = Release|Any CPU
		{82B18F2D-453C-4EFA-9522-9D6444C65DA7}.Debug|Any CPU.ActiveCfg = Debug|Any CPU
		{82B18F2D-453C-4EFA-9522-9D6444C65DA7}.Debug|Any CPU.Build.0 = Debug|Any CPU
		{82B18F2D-453C-4EFA-9522-9D6444C65DA7}.Release|Any CPU.ActiveCfg = Release|Any CPU
		{82B18F2D-453C-4EFA-9522-9D6444C65DA7}.Release|Any CPU.Build.0 = Release|Any CPU
	EndGlobalSection
	GlobalSection(NestedProjects) = preSolution
		{CA0EEA04-5509-4E23-88B4-B86FE7EC9D43} = {90B3EDF4-18E8-4CD1-B6C3-21E6AB4AEB0F}
		{06E7DCE8-048B-4587-8859-E4A69EA9D95D} = {90B3EDF4-18E8-4CD1-B6C3-21E6AB4AEB0F}
		{63DCDC8A-BA15-48D6-AB23-6545BC229F6F} = {90B3EDF4-18E8-4CD1-B6C3-21E6AB4AEB0F}
		{0CA64243-B16C-4DEF-B814-D2295A84FCA3} = {90B3EDF4-18E8-4CD1-B6C3-21E6AB4AEB0F}
		{55E77AA6-096D-48B9-BD77-259CE0835DA3} = {5D997FAF-5A30-4C67-912C-CA9B16D5AD29}
		{7EA43BBD-4E17-4F51-B1CA-A6219C046833} = {5D997FAF-5A30-4C67-912C-CA9B16D5AD29}
		{7747B8A6-D467-429D-B3CD-B796D0DC1793} = {5D997FAF-5A30-4C67-912C-CA9B16D5AD29}
		{E47E6803-273B-4F63-8323-B09B4FD3EBA6} = {90B3EDF4-18E8-4CD1-B6C3-21E6AB4AEB0F}
		{5460E26D-3649-4BE4-B8E4-7F8DFD739A87} = {90B3EDF4-18E8-4CD1-B6C3-21E6AB4AEB0F}
		{BACF627A-E719-4876-B21D-4E854F206ECC} = {90B3EDF4-18E8-4CD1-B6C3-21E6AB4AEB0F}
		{B6BAD06F-7453-4DF8-8B31-F79D0950B69E} = {90B3EDF4-18E8-4CD1-B6C3-21E6AB4AEB0F}
		{9ACBA89A-F330-4A90-9F0F-12A606614C40} = {2E32A539-E6CA-4A43-8142-12F138192BBC}
		{894F1042-3C3A-40F6-BEE7-171C3128929C} = {90B3EDF4-18E8-4CD1-B6C3-21E6AB4AEB0F}
		{C86D93E7-B5FD-4A74-B9EB-8FC13E734887} = {5D997FAF-5A30-4C67-912C-CA9B16D5AD29}
		{FD5B0062-DE3F-4669-ABEE-42DF64CDFB63} = {5D997FAF-5A30-4C67-912C-CA9B16D5AD29}
		{43DCB061-8F09-49F9-A71E-61C763A26A4F} = {5D997FAF-5A30-4C67-912C-CA9B16D5AD29}
		{82B18F2D-453C-4EFA-9522-9D6444C65DA7} = {2E32A539-E6CA-4A43-8142-12F138192BBC}
	EndGlobalSection
EndGlobal
