
Microsoft Visual Studio Solution File, Format Version 12.00
# Visual Studio Version 17
VisualStudioVersion = 17.0.31903.59
MinimumVisualStudioVersion = 10.0.40219.1
Project("{FAE04EC0-301F-11D3-BF4B-00C04F79EFBC}") = "prima_app", "prima_app\prima_app.csproj", "{05B2499F-F0CC-43EC-B270-6A5689443CF4}"
EndProject
Project("{2150E333-8FDC-42A3-9474-1A3956D46DE8}") = "esercitazioni", "esercitazioni", "{F953D8FA-AC9F-416C-A3AF-0955C63C33B9}"
EndProject
Project("{FAE04EC0-301F-11D3-BF4B-00C04F79EFBC}") = "01_metodi_console", "esercitazioni\01_metodi_console\01_metodi_console.csproj", "{F72A9E93-F128-4C24-ACAD-03922ACBA35B}"
EndProject
Global
	GlobalSection(SolutionConfigurationPlatforms) = preSolution
		Debug|Any CPU = Debug|Any CPU
		Release|Any CPU = Release|Any CPU
	EndGlobalSection
	GlobalSection(SolutionProperties) = preSolution
		HideSolutionNode = FALSE
	EndGlobalSection
	GlobalSection(ProjectConfigurationPlatforms) = postSolution
		{05B2499F-F0CC-43EC-B270-6A5689443CF4}.Debug|Any CPU.ActiveCfg = Debug|Any CPU
		{05B2499F-F0CC-43EC-B270-6A5689443CF4}.Debug|Any CPU.Build.0 = Debug|Any CPU
		{05B2499F-F0CC-43EC-B270-6A5689443CF4}.Release|Any CPU.ActiveCfg = Release|Any CPU
		{05B2499F-F0CC-43EC-B270-6A5689443CF4}.Release|Any CPU.Build.0 = Release|Any CPU
		{F72A9E93-F128-4C24-ACAD-03922ACBA35B}.Debug|Any CPU.ActiveCfg = Debug|Any CPU
		{F72A9E93-F128-4C24-ACAD-03922ACBA35B}.Debug|Any CPU.Build.0 = Debug|Any CPU
		{F72A9E93-F128-4C24-ACAD-03922ACBA35B}.Release|Any CPU.ActiveCfg = Release|Any CPU
		{F72A9E93-F128-4C24-ACAD-03922ACBA35B}.Release|Any CPU.Build.0 = Release|Any CPU
	EndGlobalSection
	GlobalSection(NestedProjects) = preSolution
		{F72A9E93-F128-4C24-ACAD-03922ACBA35B} = {F953D8FA-AC9F-416C-A3AF-0955C63C33B9}
	EndGlobalSection
EndGlobal
